
Microsoft Visual Studio Solution File, Format Version 12.00
# Visual Studio Version 16
VisualStudioVersion = 16.0.30503.244
MinimumVisualStudioVersion = 10.0.40219.1
Project("{159641D6-6404-4A2A-AE62-294DE0FE8301}") = "Encompass_API_Test", "Encompass_API_Test\Encompass_API_Test.dtproj", "{2D811F9A-96AD-448B-8B16-11383BF58ACE}"
EndProject
Global
	GlobalSection(SolutionConfigurationPlatforms) = preSolution
		Development|Default = Development|Default
	EndGlobalSection
	GlobalSection(ProjectConfigurationPlatforms) = postSolution
		{2D811F9A-96AD-448B-8B16-11383BF58ACE}.Development|Default.ActiveCfg = Development
		{2D811F9A-96AD-448B-8B16-11383BF58ACE}.Development|Default.Build.0 = Development
	EndGlobalSection
	GlobalSection(SolutionProperties) = preSolution
		HideSolutionNode = FALSE
	EndGlobalSection
	GlobalSection(ExtensibilityGlobals) = postSolution
		SolutionGuid = {2157DC59-D446-43C4-8B27-9129012DB1A8}
	EndGlobalSection
EndGlobal
